<?xml version="1.0" encoding="UTF-8" standalone="yes" ?>
<CodeBlocks_project_file>
	<FileVersion major="1" minor="6" />
	<Project>
		<Option title="Main Assignment" />
		<Option pch_mode="2" />
		<Option compiler="gcc" />
		<Build>
			<Target title="Debug">
				<Option output="bin/Debug/Main Assignment" prefix_auto="1" extension_auto="1" />
				<Option object_output="obj/Debug/" />
				<Option type="1" />
				<Option compiler="gcc" />
				<Compiler>
					<Add option="-g" />
					<Add directory="headers/exceptions/" />
				</Compiler>
			</Target>
			<Target title="Release">
				<Option output="bin/Release/Main Assignment" prefix_auto="1" extension_auto="1" />
				<Option object_output="obj/Release/" />
				<Option type="1" />
				<Option compiler="gcc" />
				<Compiler>
					<Add option="-O2" />
					<Add directory="headers/exceptions/" />
				</Compiler>
				<Linker>
					<Add option="-s" />
				</Linker>
			</Target>
		</Build>
		<Compiler>
			<Add option="-Wall" />
			<Add option="-fexceptions" />
		</Compiler>
		<Unit filename="headers/commandline.h" />
		<Unit filename="headers/controller.h" />
		<Unit filename="headers/costumer.h" />
		<Unit filename="headers/deliveryUI.h" />
		<Unit filename="headers/exceptions.h" />
		<Unit filename="headers/exceptions/badnumber.h" />
		<Unit filename="headers/exceptions/invalidpizzasize.h" />
		<Unit filename="headers/exceptions/iscostumernamevalid.h" />
		<Unit filename="headers/filehandler.h" />
		<Unit filename="headers/inactiveorderrepo.h" />
		<Unit filename="headers/managerui.h" />
		<Unit filename="headers/order.h" />
		<Unit filename="headers/orderrepo.h" />
		<Unit filename="headers/pizza.h" />
		<Unit filename="headers/pizzarepo.h" />
		<Unit filename="headers/pizzasize.h" />
		<Unit filename="headers/pizzasizerepo.h" />
		<Unit filename="headers/place.h" />
		<Unit filename="headers/placerepo.h" />
		<Unit filename="headers/preperationUI.h" />
		<Unit filename="headers/product.h" />
		<Unit filename="headers/productrepo.h" />
		<Unit filename="headers/salesUI.h" />
		<Unit filename="headers/topping.h" />
		<Unit filename="headers/toppingrepo.h" />
		<Unit filename="source/commandline.cpp" />
		<Unit filename="source/costumer.cpp" />
		<Unit filename="source/deliveryUI.cpp" />
		<Unit filename="source/exceptions/badnumber.cpp">
			<Option target="&lt;{~None~}&gt;" />
		</Unit>
		<Unit filename="source/exceptions/invalidpizzasize.cpp" />
		<Unit filename="source/exceptions/iscostumernamevalid.cpp" />
		<Unit filename="source/inactiveorderrepo.cpp" />
		<Unit filename="source/main.cpp" />
		<Unit filename="source/managerui.cpp" />
		<Unit filename="source/order.cpp" />
		<Unit filename="source/orderrepo.cpp" />
		<Unit filename="source/pizza.cpp" />
		<Unit filename="source/pizzarepo.cpp" />
		<Unit filename="source/pizzasize.cpp" />
		<Unit filename="source/pizzasizerepo.cpp" />
		<Unit filename="source/place.cpp" />
		<Unit filename="source/placerepo.cpp" />
		<Unit filename="source/preperationUI.cpp" />
		<Unit filename="source/product.cpp" />
		<Unit filename="source/productrepo.cpp" />
		<Unit filename="source/salesUI.cpp" />
		<Unit filename="source/topping.cpp" />
		<Unit filename="source/toppingrepo.cpp" />
		<Extensions>
			<code_completion />
			<envvars />
			<debugger />
		</Extensions>
	</Project>
</CodeBlocks_project_file>
